
Microsoft Visual Studio Solution File, Format Version 12.00
# Visual Studio Version 17
VisualStudioVersion = 17.8.34330.188
MinimumVisualStudioVersion = 10.0.40219.1
Project("{FAE04EC0-301F-11D3-BF4B-00C04F79EFBC}") = "jenkinstwo", "jenkinstwo.csproj", "{E5FA6027-0C74-44EE-A2CA-C55CEED4D442}"
EndProject
Project("{FAE04EC0-301F-11D3-BF4B-00C04F79EFBC}") = "TestProject3", "..\TestProject3\TestProject3.csproj", "{867C56ED-6F2C-404B-91DD-FF9C5B3EF70C}"
EndProject
Global
	GlobalSection(SolutionConfigurationPlatforms) = preSolution
		Debug|Any CPU = Debug|Any CPU
		Release|Any CPU = Release|Any CPU
	EndGlobalSection
	GlobalSection(ProjectConfigurationPlatforms) = postSolution
		{E5FA6027-0C74-44EE-A2CA-C55CEED4D442}.Debug|Any CPU.ActiveCfg = Debug|Any CPU
		{E5FA6027-0C74-44EE-A2CA-C55CEED4D442}.Debug|Any CPU.Build.0 = Debug|Any CPU
		{E5FA6027-0C74-44EE-A2CA-C55CEED4D442}.Release|Any CPU.ActiveCfg = Release|Any CPU
		{E5FA6027-0C74-44EE-A2CA-C55CEED4D442}.Release|Any CPU.Build.0 = Release|Any CPU
		{867C56ED-6F2C-404B-91DD-FF9C5B3EF70C}.Debug|Any CPU.ActiveCfg = Debug|Any CPU
		{867C56ED-6F2C-404B-91DD-FF9C5B3EF70C}.Debug|Any CPU.Build.0 = Debug|Any CPU
		{867C56ED-6F2C-404B-91DD-FF9C5B3EF70C}.Release|Any CPU.ActiveCfg = Release|Any CPU
		{867C56ED-6F2C-404B-91DD-FF9C5B3EF70C}.Release|Any CPU.Build.0 = Release|Any CPU
	EndGlobalSection
	GlobalSection(SolutionProperties) = preSolution
		HideSolutionNode = FALSE
	EndGlobalSection
	GlobalSection(ExtensibilityGlobals) = postSolution
		SolutionGuid = {6609B4F2-2737-4282-ADE9-3531A8D21B12}
	EndGlobalSection
EndGlobal
